
Microsoft Visual Studio Solution File, Format Version 12.00
# Visual Studio Version 17
VisualStudioVersion = 17.3.32922.545
MinimumVisualStudioVersion = 10.0.40219.1
Project("{FAE04EC0-301F-11D3-BF4B-00C04F79EFBC}") = "Login system (CSharp)", "Login system (CSharp).csproj", "{38DAB537-4DF8-47B8-A8FA-18AAD687CA9E}"
EndProject
Global
	GlobalSection(SolutionConfigurationPlatforms) = preSolution
		Debug|Any CPU = Debug|Any CPU
		Release|Any CPU = Release|Any CPU
	EndGlobalSection
	GlobalSection(ProjectConfigurationPlatforms) = postSolution
		{38DAB537-4DF8-47B8-A8FA-18AAD687CA9E}.Debug|Any CPU.ActiveCfg = Debug|Any CPU
		{38DAB537-4DF8-47B8-A8FA-18AAD687CA9E}.Debug|Any CPU.Build.0 = Debug|Any CPU
		{38DAB537-4DF8-47B8-A8FA-18AAD687CA9E}.Release|Any CPU.ActiveCfg = Release|Any CPU
		{38DAB537-4DF8-47B8-A8FA-18AAD687CA9E}.Release|Any CPU.Build.0 = Release|Any CPU
	EndGlobalSection
	GlobalSection(SolutionProperties) = preSolution
		HideSolutionNode = FALSE
	EndGlobalSection
	GlobalSection(ExtensibilityGlobals) = postSolution
		SolutionGuid = {7FAF4A34-2045-4A05-8496-FC6DF65ABD5C}
	EndGlobalSection
EndGlobal
